
Microsoft Visual Studio Solution File, Format Version 12.00
# Visual Studio 15
VisualStudioVersion = 15.0.26403.7
MinimumVisualStudioVersion = 10.0.40219.1
Project("{FAE04EC0-301F-11D3-BF4B-00C04F79EFBC}") = "C-sharp_lab_6", "C-sharp_lab_6\C-sharp_lab_6.csproj", "{0F393241-E032-4A54-ADFE-DE4BC801FDE5}"
EndProject
Project("{FAE04EC0-301F-11D3-BF4B-00C04F79EFBC}") = "C-sharp_lab_6-part_2", "C-sharp_lab_6-part_2\C-sharp_lab_6-part_2.csproj", "{DFA5011F-CBF4-41DA-BC6A-A5AA5238DF48}"
EndProject
Project("{FAE04EC0-301F-11D3-BF4B-00C04F79EFBC}") = "C-sharp_lab_6-part_3", "C-sharp_lab_6-part_3\C-sharp_lab_6-part_3.csproj", "{5FEFE887-8434-4E46-8181-806D25BD7C6C}"
EndProject
Global
	GlobalSection(SolutionConfigurationPlatforms) = preSolution
		Debug|Any CPU = Debug|Any CPU
		Release|Any CPU = Release|Any CPU
	EndGlobalSection
	GlobalSection(ProjectConfigurationPlatforms) = postSolution
		{0F393241-E032-4A54-ADFE-DE4BC801FDE5}.Debug|Any CPU.ActiveCfg = Debug|Any CPU
		{0F393241-E032-4A54-ADFE-DE4BC801FDE5}.Debug|Any CPU.Build.0 = Debug|Any CPU
		{0F393241-E032-4A54-ADFE-DE4BC801FDE5}.Release|Any CPU.ActiveCfg = Release|Any CPU
		{0F393241-E032-4A54-ADFE-DE4BC801FDE5}.Release|Any CPU.Build.0 = Release|Any CPU
		{DFA5011F-CBF4-41DA-BC6A-A5AA5238DF48}.Debug|Any CPU.ActiveCfg = Debug|Any CPU
		{DFA5011F-CBF4-41DA-BC6A-A5AA5238DF48}.Debug|Any CPU.Build.0 = Debug|Any CPU
		{DFA5011F-CBF4-41DA-BC6A-A5AA5238DF48}.Release|Any CPU.ActiveCfg = Release|Any CPU
		{DFA5011F-CBF4-41DA-BC6A-A5AA5238DF48}.Release|Any CPU.Build.0 = Release|Any CPU
		{5FEFE887-8434-4E46-8181-806D25BD7C6C}.Debug|Any CPU.ActiveCfg = Debug|Any CPU
		{5FEFE887-8434-4E46-8181-806D25BD7C6C}.Debug|Any CPU.Build.0 = Debug|Any CPU
		{5FEFE887-8434-4E46-8181-806D25BD7C6C}.Release|Any CPU.ActiveCfg = Release|Any CPU
		{5FEFE887-8434-4E46-8181-806D25BD7C6C}.Release|Any CPU.Build.0 = Release|Any CPU
	EndGlobalSection
	GlobalSection(SolutionProperties) = preSolution
		HideSolutionNode = FALSE
	EndGlobalSection
EndGlobal
